// !$*UTF8*$!
{
	archiveVersion = 1;
	classes = {
	};
	objectVersion = 50;
	objects = {

/* Begin PBXBuildFile section */
		2A4E184E20785CD7004B151E /* RootVC.swift in Sources */ = {isa = PBXBuildFile; fileRef = 2A4E184D20785CD7004B151E /* RootVC.swift */; };
		2A5743C2207233A200FD4513 /* AppDelegate.swift in Sources */ = {isa = PBXBuildFile; fileRef = 2A5743C1207233A200FD4513 /* AppDelegate.swift */; };
		2A5743C4207233A200FD4513 /* ViewController.swift in Sources */ = {isa = PBXBuildFile; fileRef = 2A5743C3207233A200FD4513 /* ViewController.swift */; };
		2A5743C7207233A200FD4513 /* Main.storyboard in Resources */ = {isa = PBXBuildFile; fileRef = 2A5743C5207233A200FD4513 /* Main.storyboard */; };
		2A5743CA207233A200FD4513 /* OCFirstGit.xcdatamodeld in Sources */ = {isa = PBXBuildFile; fileRef = 2A5743C8207233A200FD4513 /* OCFirstGit.xcdatamodeld */; };
		2A5743CC207233A300FD4513 /* Assets.xcassets in Resources */ = {isa = PBXBuildFile; fileRef = 2A5743CB207233A300FD4513 /* Assets.xcassets */; };
		2A5743CF207233A300FD4513 /* LaunchScreen.storyboard in Resources */ = {isa = PBXBuildFile; fileRef = 2A5743CD207233A300FD4513 /* LaunchScreen.storyboard */; };
		2A5743DA207233A400FD4513 /* OCFirstGitTests.swift in Sources */ = {isa = PBXBuildFile; fileRef = 2A5743D9207233A400FD4513 /* OCFirstGitTests.swift */; };
		2A5743E5207233A400FD4513 /* OCFirstGitUITests.swift in Sources */ = {isa = PBXBuildFile; fileRef = 2A5743E4207233A400FD4513 /* OCFirstGitUITests.swift */; };
/* End PBXBuildFile section */

/* Begin PBXContainerItemProxy section */
		2A5743D6207233A400FD4513 /* PBXContainerItemProxy */ = {
			isa = PBXContainerItemProxy;
			containerPortal = 2A5743B6207233A200FD4513 /* Project object */;
			proxyType = 1;
			remoteGlobalIDString = 2A5743BD207233A200FD4513;
			remoteInfo = OCFirstGit;
		};
		2A5743E1207233A400FD4513 /* PBXContainerItemProxy */ = {
			isa = PBXContainerItemProxy;
			containerPortal = 2A5743B6207233A200FD4513 /* Project object */;
			proxyType = 1;
			remoteGlobalIDString = 2A5743BD207233A200FD4513;
			remoteInfo = OCFirstGit;
		};
/* End PBXContainerItemProxy section */

/* Begin PBXFileReference section */
		2A4E184D20785CD7004B151E /* RootVC.swift */ = {isa = PBXFileReference; lastKnownFileType = sourcecode.swift; path = RootVC.swift; sourceTree = "<group>"; };
		2A5743BE207233A200FD4513 /* OCFirstGit.app */ = {isa = PBXFileReference; explicitFileType = wrapper.application; includeInIndex = 0; path = OCFirstGit.app; sourceTree = BUILT_PRODUCTS_DIR; };
		2A5743C1207233A200FD4513 /* AppDelegate.swift */ = {isa = PBXFileReference; lastKnownFileType = sourcecode.swift; path = AppDelegate.swift; sourceTree = "<group>"; };
		2A5743C3207233A200FD4513 /* ViewController.swift */ = {isa = PBXFileReference; lastKnownFileType = sourcecode.swift; path = ViewController.swift; sourceTree = "<group>"; };
		2A5743C6207233A200FD4513 /* Base */ = {isa = PBXFileReference; lastKnownFileType = file.storyboard; name = Base; path = Base.lproj/Main.storyboard; sourceTree = "<group>"; };
		2A5743C9207233A200FD4513 /* OCFirstGit.xcdatamodel */ = {isa = PBXFileReference; lastKnownFileType = wrapper.xcdatamodel; path = OCFirstGit.xcdatamodel; sourceTree = "<group>"; };
		2A5743CB207233A300FD4513 /* Assets.xcassets */ = {isa = PBXFileReference; lastKnownFileType = folder.assetcatalog; path = Assets.xcassets; sourceTree = "<group>"; };
		2A5743CE207233A300FD4513 /* Base */ = {isa = PBXFileReference; lastKnownFileType = file.storyboard; name = Base; path = Base.lproj/LaunchScreen.storyboard; sourceTree = "<group>"; };
		2A5743D0207233A300FD4513 /* Info.plist */ = {isa = PBXFileReference; lastKnownFileType = text.plist.xml; path = Info.plist; sourceTree = "<group>"; };
		2A5743D5207233A400FD4513 /* OCFirstGitTests.xctest */ = {isa = PBXFileReference; explicitFileType = wrapper.cfbundle; includeInIndex = 0; path = OCFirstGitTests.xctest; sourceTree = BUILT_PRODUCTS_DIR; };
		2A5743D9207233A400FD4513 /* OCFirstGitTests.swift */ = {isa = PBXFileReference; lastKnownFileType = sourcecode.swift; path = OCFirstGitTests.swift; sourceTree = "<group>"; };
		2A5743DB207233A400FD4513 /* Info.plist */ = {isa = PBXFileReference; lastKnownFileType = text.plist.xml; path = Info.plist; sourceTree = "<group>"; };
		2A5743E0207233A400FD4513 /* OCFirstGitUITests.xctest */ = {isa = PBXFileReference; explicitFileType = wrapper.cfbundle; includeInIndex = 0; path = OCFirstGitUITests.xctest; sourceTree = BUILT_PRODUCTS_DIR; };
		2A5743E4207233A400FD4513 /* OCFirstGitUITests.swift */ = {isa = PBXFileReference; lastKnownFileType = sourcecode.swift; path = OCFirstGitUITests.swift; sourceTree = "<group>"; };
		2A5743E6207233A400FD4513 /* Info.plist */ = {isa = PBXFileReference; lastKnownFileType = text.plist.xml; path = Info.plist; sourceTree = "<group>"; };
/* End PBXFileReference section */

/* Begin PBXFrameworksBuildPhase section */
		2A5743BB207233A200FD4513 /* Frameworks */ = {
			isa = PBXFrameworksBuildPhase;
			buildActionMask = 2147483647;
			files = (
			);
			runOnlyForDeploymentPostprocessing = 0;
		};
		2A5743D2207233A400FD4513 /* Frameworks */ = {
			isa = PBXFrameworksBuildPhase;
			buildActionMask = 2147483647;
			files = (
			);
			runOnlyForDeploymentPostprocessing = 0;
		};
		2A5743DD207233A400FD4513 /* Frameworks */ = {
			isa = PBXFrameworksBuildPhase;
			buildActionMask = 2147483647;
			files = (
			);
			runOnlyForDeploymentPostprocessing = 0;
		};
/* End PBXFrameworksBuildPhase section */

/* Begin PBXGroup section */
		2A5743B5207233A200FD4513 = {
			isa = PBXGroup;
			children = (
				2A5743C0207233A200FD4513 /* OCFirstGit */,
				2A5743D8207233A400FD4513 /* OCFirstGitTests */,
				2A5743E3207233A400FD4513 /* OCFirstGitUITests */,
				2A5743BF207233A200FD4513 /* Products */,
			);
			sourceTree = "<group>";
		};
		2A5743BF207233A200FD4513 /* Products */ = {
			isa = PBXGroup;
			children = (
				2A5743BE207233A200FD4513 /* OCFirstGit.app */,
				2A5743D5207233A400FD4513 /* OCFirstGitTests.xctest */,
				2A5743E0207233A400FD4513 /* OCFirstGitUITests.xctest */,
			);
			name = Products;
			sourceTree = "<group>";
		};
		2A5743C0207233A200FD4513 /* OCFirstGit */ = {
			isa = PBXGroup;
			children = (
				2A5743C1207233A200FD4513 /* AppDelegate.swift */,
				2A5743C3207233A200FD4513 /* ViewController.swift */,
				2A4E184D20785CD7004B151E /* RootVC.swift */,
				2A5743C5207233A200FD4513 /* Main.storyboard */,
				2A5743CB207233A300FD4513 /* Assets.xcassets */,
				2A5743CD207233A300FD4513 /* LaunchScreen.storyboard */,
				2A5743D0207233A300FD4513 /* Info.plist */,
				2A5743C8207233A200FD4513 /* OCFirstGit.xcdatamodeld */,
			);
			path = OCFirstGit;
			sourceTree = "<group>";
		};
		2A5743D8207233A400FD4513 /* OCFirstGitTests */ = {
			isa = PBXGroup;
			children = (
				2A5743D9207233A400FD4513 /* OCFirstGitTests.swift */,
				2A5743DB207233A400FD4513 /* Info.plist */,
			);
			path = OCFirstGitTests;
			sourceTree = "<group>";
		};
		2A5743E3207233A400FD4513 /* OCFirstGitUITests */ = {
			isa = PBXGroup;
			children = (
				2A5743E4207233A400FD4513 /* OCFirstGitUITests.swift */,
				2A5743E6207233A400FD4513 /* Info.plist */,
			);
			path = OCFirstGitUITests;
			sourceTree = "<group>";
		};
/* End PBXGroup section */

/* Begin PBXNativeTarget section */
		2A5743BD207233A200FD4513 /* OCFirstGit */ = {
			isa = PBXNativeTarget;
			buildConfigurationList = 2A5743E9207233A400FD4513 /* Build configuration list for PBXNativeTarget "OCFirstGit" */;
			buildPhases = (
				2A5743BA207233A200FD4513 /* Sources */,
				2A5743BB207233A200FD4513 /* Frameworks */,
				2A5743BC207233A200FD4513 /* Resources */,
			);
			buildRules = (
			);
			dependencies = (
			);
			name = OCFirstGit;
			productName = OCFirstGit;
			productReference = 2A5743BE207233A200FD4513 /* OCFirstGit.app */;
			productType = "com.apple.product-type.application";
		};
		2A5743D4207233A400FD4513 /* OCFirstGitTests */ = {
			isa = PBXNativeTarget;
			buildConfigurationList = 2A5743EC207233A400FD4513 /* Build configuration list for PBXNativeTarget "OCFirstGitTests" */;
			buildPhases = (
				2A5743D1207233A400FD4513 /* Sources */,
				2A5743D2207233A400FD4513 /* Frameworks */,
				2A5743D3207233A400FD4513 /* Resources */,
			);
			buildRules = (
			);
			dependencies = (
				2A5743D7207233A400FD4513 /* PBXTargetDependency */,
			);
			name = OCFirstGitTests;
			productName = OCFirstGitTests;
			productReference = 2A5743D5207233A400FD4513 /* OCFirstGitTests.xctest */;
			productType = "com.apple.product-type.bundle.unit-test";
		};
		2A5743DF207233A400FD4513 /* OCFirstGitUITests */ = {
			isa = PBXNativeTarget;
			buildConfigurationList = 2A5743EF207233A400FD4513 /* Build configuration list for PBXNativeTarget "OCFirstGitUITests" */;
			buildPhases = (
				2A5743DC207233A400FD4513 /* Sources */,
				2A5743DD207233A400FD4513 /* Frameworks */,
				2A5743DE207233A400FD4513 /* Resources */,
			);
			buildRules = (
			);
			dependencies = (
				2A5743E2207233A400FD4513 /* PBXTargetDependency */,
			);
			name = OCFirstGitUITests;
			productName = OCFirstGitUITests;
			productReference = 2A5743E0207233A400FD4513 /* OCFirstGitUITests.xctest */;
			productType = "com.apple.product-type.bundle.ui-testing";
		};
/* End PBXNativeTarget section */

/* Begin PBXProject section */
		2A5743B6207233A200FD4513 /* Project object */ = {
			isa = PBXProject;
			attributes = {
				LastSwiftUpdateCheck = 0930;
				LastUpgradeCheck = 0930;
				ORGANIZATIONNAME = "1226042260@qq.con";
				TargetAttributes = {
					2A5743BD207233A200FD4513 = {
						CreatedOnToolsVersion = 9.3;
					};
					2A5743D4207233A400FD4513 = {
						CreatedOnToolsVersion = 9.3;
						TestTargetID = 2A5743BD207233A200FD4513;
					};
					2A5743DF207233A400FD4513 = {
						CreatedOnToolsVersion = 9.3;
						TestTargetID = 2A5743BD207233A200FD4513;
					};
				};
			};
			buildConfigurationList = 2A5743B9207233A200FD4513 /* Build configuration list for PBXProject "OCFirstGit" */;
			compatibilityVersion = "Xcode 9.3";
			developmentRegion = en;
			hasScannedForEncodings = 0;
			knownRegions = (
				en,
				Base,
			);
			mainGroup = 2A5743B5207233A200FD4513;
			productRefGroup = 2A5743BF207233A200FD4513 /* Products */;
			projectDirPath = "";
			projectRoot = "";
			targets = (
				2A5743BD207233A200FD4513 /* OCFirstGit */,
				2A5743D4207233A400FD4513 /* OCFirstGitTests */,
				2A5743DF207233A400FD4513 /* OCFirstGitUITests */,
			);
		};
/* End PBXProject section */

/* Begin PBXResourcesBuildPhase section */
		2A5743BC207233A200FD4513 /* Resources */ = {
			isa = PBXResourcesBuildPhase;
			buildActionMask = 2147483647;
			files = (
				2A5743CF207233A300FD4513 /* LaunchScreen.storyboard in Resources */,
				2A5743CC207233A300FD4513 /* Assets.xcassets in Resources */,
				2A5743C7207233A200FD4513 /* Main.storyboard in Resources */,
			);
			runOnlyForDeploymentPostprocessing = 0;
		};
		2A5743D3207233A400FD4513 /* Resources */ = {
			isa = PBXResourcesBuildPhase;
			buildActionMask = 2147483647;
			files = (
			);
			runOnlyForDeploymentPostprocessing = 0;
		};
		2A5743DE207233A400FD4513 /* Resources */ = {
			isa = PBXResourcesBuildPhase;
			buildActionMask = 2147483647;
			files = (
			);
			runOnlyForDeploymentPostprocessing = 0;
		};
/* End PBXResourcesBuildPhase section */

/* Begin PBXSourcesBuildPhase section */
		2A5743BA207233A200FD4513 /* Sources */ = {
			isa = PBXSourcesBuildPhase;
			buildActionMask = 2147483647;
			files = (
				2A4E184E20785CD7004B151E /* RootVC.swift in Sources */,
				2A5743C4207233A200FD4513 /* ViewController.swift in Sources */,
				2A5743C2207233A200FD4513 /* AppDelegate.swift in Sources */,
				2A5743CA207233A200FD4513 /* OCFirstGit.xcdatamodeld in Sources */,
			);
			runOnlyForDeploymentPostprocessing = 0;
		};
		2A5743D1207233A400FD4513 /* Sources */ = {
			isa = PBXSourcesBuildPhase;
			buildActionMask = 2147483647;
			files = (
				2A5743DA207233A400FD4513 /* OCFirstGitTests.swift in Sources */,
			);
			runOnlyForDeploymentPostprocessing = 0;
		};
		2A5743DC207233A400FD4513 /* Sources */ = {
			isa = PBXSourcesBuildPhase;
			buildActionMask = 2147483647;
			files = (
				2A5743E5207233A400FD4513 /* OCFirstGitUITests.swift in Sources */,
			);
			runOnlyForDeploymentPostprocessing = 0;
		};
/* End PBXSourcesBuildPhase section */

/* Begin PBXTargetDependency section */
		2A5743D7207233A400FD4513 /* PBXTargetDependency */ = {
			isa = PBXTargetDependency;
			target = 2A5743BD207233A200FD4513 /* OCFirstGit */;
			targetProxy = 2A5743D6207233A400FD4513 /* PBXContainerItemProxy */;
		};
		2A5743E2207233A400FD4513 /* PBXTargetDependency */ = {
			isa = PBXTargetDependency;
			target = 2A5743BD207233A200FD4513 /* OCFirstGit */;
			targetProxy = 2A5743E1207233A400FD4513 /* PBXContainerItemProxy */;
		};
/* End PBXTargetDependency section */

/* Begin PBXVariantGroup section */
		2A5743C5207233A200FD4513 /* Main.storyboard */ = {
			isa = PBXVariantGroup;
			children = (
				2A5743C6207233A200FD4513 /* Base */,
			);
			name = Main.storyboard;
			sourceTree = "<group>";
		};
		2A5743CD207233A300FD4513 /* LaunchScreen.storyboard */ = {
			isa = PBXVariantGroup;
			children = (
				2A5743CE207233A300FD4513 /* Base */,
			);
			name = LaunchScreen.storyboard;
			sourceTree = "<group>";
		};
/* End PBXVariantGroup section */

/* Begin XCBuildConfiguration section */
		2A5743E7207233A400FD4513 /* Debug */ = {
			isa = XCBuildConfiguration;
			buildSettings = {
				ALWAYS_SEARCH_USER_PATHS = NO;
				CLANG_ANALYZER_NONNULL = YES;
				CLANG_ANALYZER_NUMBER_OBJECT_CONVERSION = YES_AGGRESSIVE;
				CLANG_CXX_LANGUAGE_STANDARD = "gnu++14";
				CLANG_CXX_LIBRARY = "libc++";
				CLANG_ENABLE_MODULES = YES;
				CLANG_ENABLE_OBJC_ARC = YES;
				CLANG_ENABLE_OBJC_WEAK = YES;
				CLANG_WARN_BLOCK_CAPTURE_AUTORELEASING = YES;
				CLANG_WARN_BOOL_CONVERSION = YES;
				CLANG_WARN_COMMA = YES;
				CLANG_WARN_CONSTANT_CONVERSION = YES;
				CLANG_WARN_DEPRECATED_OBJC_IMPLEMENTATIONS = YES;
				CLANG_WARN_DIRECT_OBJC_ISA_USAGE = YES_ERROR;
				CLANG_WARN_DOCUMENTATION_COMMENTS = YES;
				CLANG_WARN_EMPTY_BODY = YES;
				CLANG_WARN_ENUM_CONVERSION = YES;
				CLANG_WARN_INFINITE_RECURSION = YES;
				CLANG_WARN_INT_CONVERSION = YES;
				CLANG_WARN_NON_LITERAL_NULL_CONVERSION = YES;
				CLANG_WARN_OBJC_IMPLICIT_RETAIN_SELF = YES;
				CLANG_WARN_OBJC_LITERAL_CONVERSION = YES;
				CLANG_WARN_OBJC_ROOT_CLASS = YES_ERROR;
				CLANG_WARN_RANGE_LOOP_ANALYSIS = YES;
				CLANG_WARN_STRICT_PROTOTYPES = YES;
				CLANG_WARN_SUSPICIOUS_MOVE = YES;
				CLANG_WARN_UNGUARDED_AVAILABILITY = YES_AGGRESSIVE;
				CLANG_WARN_UNREACHABLE_CODE = YES;
				CLANG_WARN__DUPLICATE_METHOD_MATCH = YES;
				CODE_SIGN_IDENTITY = "iPhone Developer";
				COPY_PHASE_STRIP = NO;
				DEBUG_INFORMATION_FORMAT = dwarf;
				ENABLE_STRICT_OBJC_MSGSEND = YES;
				ENABLE_TESTABILITY = YES;
				GCC_C_LANGUAGE_STANDARD = gnu11;
				GCC_DYNAMIC_NO_PIC = NO;
				GCC_NO_COMMON_BLOCKS = YES;
				GCC_OPTIMIZATION_LEVEL = 0;
				GCC_PREPROCESSOR_DEFINITIONS = (
					"DEBUG=1",
					"$(inherited)",
				);
				GCC_WARN_64_TO_32_BIT_CONVERSION = YES;
				GCC_WARN_ABOUT_RETURN_TYPE = YES_ERROR;
				GCC_WARN_UNDECLARED_SELECTOR = YES;
				GCC_WARN_UNINITIALIZED_AUTOS = YES_AGGRESSIVE;
				GCC_WARN_UNUSED_FUNCTION = YES;
				GCC_WARN_UNUSED_VARIABLE = YES;
				IPHONEOS_DEPLOYMENT_TARGET = 11.3;
				MTL_ENABLE_DEBUG_INFO = YES;
				ONLY_ACTIVE_ARCH = YES;
				SDKROOT = iphoneos;
				SWIFT_ACTIVE_COMPILATION_CONDITIONS = DEBUG;
				SWIFT_OPTIMIZATION_LEVEL = "-Onone";
			};
			name = Debug;
		};
		2A5743E8207233A400FD4513 /* Release */ = {
			isa = XCBuildConfiguration;
			buildSettings = {
				ALWAYS_SEARCH_USER_PATHS = NO;
				CLANG_ANALYZER_NONNULL = YES;
				CLANG_ANALYZER_NUMBER_OBJECT_CONVERSION = YES_AGGRESSIVE;
				CLANG_CXX_LANGUAGE_STANDARD = "gnu++14";
				CLANG_CXX_LIBRARY = "libc++";
				CLANG_ENABLE_MODULES = YES;
				CLANG_ENABLE_OBJC_ARC = YES;
				CLANG_ENABLE_OBJC_WEAK = YES;
				CLANG_WARN_BLOCK_CAPTURE_AUTORELEASING = YES;
				CLANG_WARN_BOOL_CONVERSION = YES;
				CLANG_WARN_COMMA = YES;
				CLANG_WARN_CONSTANT_CONVERSION = YES;
				CLANG_WARN_DEPRECATED_OBJC_IMPLEMENTATIONS = YES;
				CLANG_WARN_DIRECT_OBJC_ISA_USAGE = YES_ERROR;
				CLANG_WARN_DOCUMENTATION_COMMENTS = YES;
				CLANG_WARN_EMPTY_BODY = YES;
				CLANG_WARN_ENUM_CONVERSION = YES;
				CLANG_WARN_INFINITE_RECURSION = YES;
				CLANG_WARN_INT_CONVERSION = YES;
				CLANG_WARN_NON_LITERAL_NULL_CONVERSION = YES;
				CLANG_WARN_OBJC_IMPLICIT_RETAIN_SELF = YES;
				CLANG_WARN_OBJC_LITERAL_CONVERSION = YES;
				CLANG_WARN_OBJC_ROOT_CLASS = YES_ERROR;
				CLANG_WARN_RANGE_LOOP_ANALYSIS = YES;
				CLANG_WARN_STRICT_PROTOTYPES = YES;
				CLANG_WARN_SUSPICIOUS_MOVE = YES;
				CLANG_WARN_UNGUARDED_AVAILABILITY = YES_AGGRESSIVE;
				CLANG_WARN_UNREACHABLE_CODE = YES;
				CLANG_WARN__DUPLICATE_METHOD_MATCH = YES;
				CODE_SIGN_IDENTITY = "iPhone Developer";
				COPY_PHASE_STRIP = NO;
				DEBUG_INFORMATION_FORMAT = "dwarf-with-dsym";
				ENABLE_NS_ASSERTIONS = NO;
				ENABLE_STRICT_OBJC_MSGSEND = YES;
				GCC_C_LANGUAGE_STANDARD = gnu11;
				GCC_NO_COMMON_BLOCKS = YES;
				GCC_WARN_64_TO_32_BIT_CONVERSION = YES;
				GCC_WARN_ABOUT_RETURN_TYPE = YES_ERROR;
				GCC_WARN_UNDECLARED_SELECTOR = YES;
				GCC_WARN_UNINITIALIZED_AUTOS = YES_AGGRESSIVE;
				GCC_WARN_UNUSED_FUNCTION = YES;
				GCC_WARN_UNUSED_VARIABLE = YES;
				IPHONEOS_DEPLOYMENT_TARGET = 11.3;
				MTL_ENABLE_DEBUG_INFO = NO;
				SDKROOT = iphoneos;
				SWIFT_COMPILATION_MODE = wholemodule;
				SWIFT_OPTIMIZATION_LEVEL = "-O";
				VALIDATE_PRODUCT = YES;
			};
			name = Release;
		};
		2A5743EA207233A400FD4513 /* Debug */ = {
			isa = XCBuildConfiguration;
			buildSettings = {
				ASSETCATALOG_COMPILER_APPICON_NAME = AppIcon;
				CODE_SIGN_STYLE = Automatic;
				DEVELOPMENT_TEAM = 5B9C3UE37Q;
				INFOPLIST_FILE = OCFirstGit/Info.plist;
				LD_RUNPATH_SEARCH_PATHS = (
					"$(inherited)",
					"@executable_path/Frameworks",
				);
				PRODUCT_BUNDLE_IDENTIFIER = l.OCFirstGit;
				PRODUCT_NAME = "$(TARGET_NAME)";
				SWIFT_VERSION = 4.0;
				TARGETED_DEVICE_FAMILY = "1,2";
			};
			name = Debug;
		};
		2A5743EB207233A400FD4513 /* Release */ = {
			isa = XCBuildConfiguration;
			buildSettings = {
				ASSETCATALOG_COMPILER_APPICON_NAME = AppIcon;
				CODE_SIGN_STYLE = Automatic;
				DEVELOPMENT_TEAM = 5B9C3UE37Q;
				INFOPLIST_FILE = OCFirstGit/Info.plist;
				LD_RUNPATH_SEARCH_PATHS = (
					"$(inherited)",
					"@executable_path/Frameworks",
				);
				PRODUCT_BUNDLE_IDENTIFIER = l.OCFirstGit;
				PRODUCT_NAME = "$(TARGET_NAME)";
				SWIFT_VERSION = 4.0;
				TARGETED_DEVICE_FAMILY = "1,2";
			};
			name = Release;
		};
		2A5743ED207233A400FD4513 /* Debug */ = {
			isa = XCBuildConfiguration;
			buildSettings = {
				ALWAYS_EMBED_SWIFT_STANDARD_LIBRARIES = YES;
				BUNDLE_LOADER = "$(TEST_HOST)";
				CODE_SIGN_STYLE = Automatic;
				DEVELOPMENT_TEAM = 5B9C3UE37Q;
				INFOPLIST_FILE = OCFirstGitTests/Info.plist;
				LD_RUNPATH_SEARCH_PATHS = (
					"$(inherited)",
					"@executable_path/Frameworks",
					"@loader_path/Frameworks",
				);
				PRODUCT_BUNDLE_IDENTIFIER = l.OCFirstGitTests;
				PRODUCT_NAME = "$(TARGET_NAME)";
				SWIFT_VERSION = 4.0;
				TARGETED_DEVICE_FAMILY = "1,2";
				TEST_HOST = "$(BUILT_PRODUCTS_DIR)/OCFirstGit.app/OCFirstGit";
			};
			name = Debug;
		};
		2A5743EE207233A400FD4513 /* Release */ = {
			isa = XCBuildConfiguration;
			buildSettings = {
				ALWAYS_EMBED_SWIFT_STANDARD_LIBRARIES = YES;
				BUNDLE_LOADER = "$(TEST_HOST)";
				CODE_SIGN_STYLE = Automatic;
				DEVELOPMENT_TEAM = 5B9C3UE37Q;
				INFOPLIST_FILE = OCFirstGitTests/Info.plist;
				LD_RUNPATH_SEARCH_PATHS = (
					"$(inherited)",
					"@executable_path/Frameworks",
					"@loader_path/Frameworks",
				);
				PRODUCT_BUNDLE_IDENTIFIER = l.OCFirstGitTests;
				PRODUCT_NAME = "$(TARGET_NAME)";
				SWIFT_VERSION = 4.0;
				TARGETED_DEVICE_FAMILY = "1,2";
				TEST_HOST = "$(BUILT_PRODUCTS_DIR)/OCFirstGit.app/OCFirstGit";
			};
			name = Release;
		};
		2A5743F0207233A400FD4513 /* Debug */ = {
			isa = XCBuildConfiguration;
			buildSettings = {
				ALWAYS_EMBED_SWIFT_STANDARD_LIBRARIES = YES;
				CODE_SIGN_STYLE = Automatic;
				DEVELOPMENT_TEAM = 5B9C3UE37Q;
				INFOPLIST_FILE = OCFirstGitUITests/Info.plist;
				LD_RUNPATH_SEARCH_PATHS = (
					"$(inherited)",
					"@executable_path/Frameworks",
					"@loader_path/Frameworks",
				);
				PRODUCT_BUNDLE_IDENTIFIER = l.OCFirstGitUITests;
				PRODUCT_NAME = "$(TARGET_NAME)";
				SWIFT_VERSION = 4.0;
				TARGETED_DEVICE_FAMILY = "1,2";
				TEST_TARGET_NAME = OCFirstGit;
			};
			name = Debug;
		};
		2A5743F1207233A400FD4513 /* Release */ = {
			isa = XCBuildConfiguration;
			buildSettings = {
				ALWAYS_EMBED_SWIFT_STANDARD_LIBRARIES = YES;
				CODE_SIGN_STYLE = Automatic;
				DEVELOPMENT_TEAM = 5B9C3UE37Q;
				INFOPLIST_FILE = OCFirstGitUITests/Info.plist;
				LD_RUNPATH_SEARCH_PATHS = (
					"$(inherited)",
					"@executable_path/Frameworks",
					"@loader_path/Frameworks",
				);
				PRODUCT_BUNDLE_IDENTIFIER = l.OCFirstGitUITests;
				PRODUCT_NAME = "$(TARGET_NAME)";
				SWIFT_VERSION = 4.0;
				TARGETED_DEVICE_FAMILY = "1,2";
				TEST_TARGET_NAME = OCFirstGit;
			};
			name = Release;
		};
/* End XCBuildConfiguration section */

/* Begin XCConfigurationList section */
		2A5743B9207233A200FD4513 /* Build configuration list for PBXProject "OCFirstGit" */ = {
			isa = XCConfigurationList;
			buildConfigurations = (
				2A5743E7207233A400FD4513 /* Debug */,
				2A5743E8207233A400FD4513 /* Release */,
			);
			defaultConfigurationIsVisible = 0;
			defaultConfigurationName = Release;
		};
		2A5743E9207233A400FD4513 /* Build configuration list for PBXNativeTarget "OCFirstGit" */ = {
			isa = XCConfigurationList;
			buildConfigurations = (
				2A5743EA207233A400FD4513 /* Debug */,
				2A5743EB207233A400FD4513 /* Release */,
			);
			defaultConfigurationIsVisible = 0;
			defaultConfigurationName = Release;
		};
		2A5743EC207233A400FD4513 /* Build configuration list for PBXNativeTarget "OCFirstGitTests" */ = {
			isa = XCConfigurationList;
			buildConfigurations = (
				2A5743ED207233A400FD4513 /* Debug */,
				2A5743EE207233A400FD4513 /* Release */,
			);
			defaultConfigurationIsVisible = 0;
			defaultConfigurationName = Release;
		};
		2A5743EF207233A400FD4513 /* Build configuration list for PBXNativeTarget "OCFirstGitUITests" */ = {
			isa = XCConfigurationList;
			buildConfigurations = (
				2A5743F0207233A400FD4513 /* Debug */,
				2A5743F1207233A400FD4513 /* Release */,
			);
			defaultConfigurationIsVisible = 0;
			defaultConfigurationName = Release;
		};
/* End XCConfigurationList section */

/* Begin XCVersionGroup section */
		2A5743C8207233A200FD4513 /* OCFirstGit.xcdatamodeld */ = {
			isa = XCVersionGroup;
			children = (
				2A5743C9207233A200FD4513 /* OCFirstGit.xcdatamodel */,
			);
			currentVersion = 2A5743C9207233A200FD4513 /* OCFirstGit.xcdatamodel */;
			path = OCFirstGit.xcdatamodeld;
			sourceTree = "<group>";
			versionGroupType = wrapper.xcdatamodel;
		};
/* End XCVersionGroup section */
	};
	rootObject = 2A5743B6207233A200FD4513 /* Project object */;
}
